
Microsoft Visual Studio Solution File, Format Version 12.00
# Visual Studio 2012
Project("{FAE04EC0-301F-11D3-BF4B-00C04F79EFBC}") = "BHWebAPI", "BHWebAPI\BHWebAPI\BHWebAPI.csproj", "{43ECA197-C11C-46F8-8E8A-53F18A27FDB8}"
EndProject
Project("{FAE04EC0-301F-11D3-BF4B-00C04F79EFBC}") = "BH.BusinessLayer", "BHCodeLibrary\BH.BusinessLayer\BH.BusinessLayer.csproj", "{C8AFB41A-3F15-4D30-A983-A6B0F6603DF8}"
EndProject
Project("{FAE04EC0-301F-11D3-BF4B-00C04F79EFBC}") = "NUnitTestingLibrary", "NUnitTestingLibrary\NUnitTestingLibrary.csproj", "{485E524E-8FA1-49F0-A1FC-D498107242B3}"
EndProject
Project("{FAE04EC0-301F-11D3-BF4B-00C04F79EFBC}") = "BH.DataAccessLayer", "BHCodeLibrary\BH.DataAccessLayer\BH.DataAccessLayer.csproj", "{3120AC73-D8EA-4126-AAE8-8937461EB0FA}"
EndProject
Project("{FAE04EC0-301F-11D3-BF4B-00C04F79EFBC}") = "BH.DataAccessLayer.ADONet", "BHCodeLibrary\BH.DataAcessLayer.SQLServer\BH.DataAccessLayer.ADONet.csproj", "{29F7AC70-3993-4DC1-8080-78C49C7F08A2}"
EndProject
Project("{FAE04EC0-301F-11D3-BF4B-00C04F79EFBC}") = "BH.Domain", "BHCodeLibrary\BH.Domain\BH.Domain.csproj", "{88F548F3-F004-4599-A5CA-D33F2BA250E8}"
EndProject
Project("{FAE04EC0-301F-11D3-BF4B-00C04F79EFBC}") = "BH.DataAccessLayer.LinqToSql", "BHCodeLibrary\BH.DataAccessLayer.LinqToSql\BH.DataAccessLayer.LinqToSql.csproj", "{3E088D4E-FAAD-4719-B647-DA65CB6E35DD}"
EndProject
Global
	GlobalSection(SolutionConfigurationPlatforms) = preSolution
		Debug|Any CPU = Debug|Any CPU
		Release|Any CPU = Release|Any CPU
	EndGlobalSection
	GlobalSection(ProjectConfigurationPlatforms) = postSolution
		{43ECA197-C11C-46F8-8E8A-53F18A27FDB8}.Debug|Any CPU.ActiveCfg = Debug|Any CPU
		{43ECA197-C11C-46F8-8E8A-53F18A27FDB8}.Debug|Any CPU.Build.0 = Debug|Any CPU
		{43ECA197-C11C-46F8-8E8A-53F18A27FDB8}.Release|Any CPU.ActiveCfg = Release|Any CPU
		{43ECA197-C11C-46F8-8E8A-53F18A27FDB8}.Release|Any CPU.Build.0 = Release|Any CPU
		{C8AFB41A-3F15-4D30-A983-A6B0F6603DF8}.Debug|Any CPU.ActiveCfg = Debug|Any CPU
		{C8AFB41A-3F15-4D30-A983-A6B0F6603DF8}.Debug|Any CPU.Build.0 = Debug|Any CPU
		{C8AFB41A-3F15-4D30-A983-A6B0F6603DF8}.Release|Any CPU.ActiveCfg = Release|Any CPU
		{C8AFB41A-3F15-4D30-A983-A6B0F6603DF8}.Release|Any CPU.Build.0 = Release|Any CPU
		{485E524E-8FA1-49F0-A1FC-D498107242B3}.Debug|Any CPU.ActiveCfg = Debug|Any CPU
		{485E524E-8FA1-49F0-A1FC-D498107242B3}.Debug|Any CPU.Build.0 = Debug|Any CPU
		{485E524E-8FA1-49F0-A1FC-D498107242B3}.Release|Any CPU.ActiveCfg = Release|Any CPU
		{485E524E-8FA1-49F0-A1FC-D498107242B3}.Release|Any CPU.Build.0 = Release|Any CPU
		{3120AC73-D8EA-4126-AAE8-8937461EB0FA}.Debug|Any CPU.ActiveCfg = Debug|Any CPU
		{3120AC73-D8EA-4126-AAE8-8937461EB0FA}.Debug|Any CPU.Build.0 = Debug|Any CPU
		{3120AC73-D8EA-4126-AAE8-8937461EB0FA}.Release|Any CPU.ActiveCfg = Release|Any CPU
		{3120AC73-D8EA-4126-AAE8-8937461EB0FA}.Release|Any CPU.Build.0 = Release|Any CPU
		{29F7AC70-3993-4DC1-8080-78C49C7F08A2}.Debug|Any CPU.ActiveCfg = Debug|Any CPU
		{29F7AC70-3993-4DC1-8080-78C49C7F08A2}.Debug|Any CPU.Build.0 = Debug|Any CPU
		{29F7AC70-3993-4DC1-8080-78C49C7F08A2}.Release|Any CPU.ActiveCfg = Release|Any CPU
		{29F7AC70-3993-4DC1-8080-78C49C7F08A2}.Release|Any CPU.Build.0 = Release|Any CPU
		{88F548F3-F004-4599-A5CA-D33F2BA250E8}.Debug|Any CPU.ActiveCfg = Debug|Any CPU
		{88F548F3-F004-4599-A5CA-D33F2BA250E8}.Debug|Any CPU.Build.0 = Debug|Any CPU
		{88F548F3-F004-4599-A5CA-D33F2BA250E8}.Release|Any CPU.ActiveCfg = Release|Any CPU
		{88F548F3-F004-4599-A5CA-D33F2BA250E8}.Release|Any CPU.Build.0 = Release|Any CPU
		{3E088D4E-FAAD-4719-B647-DA65CB6E35DD}.Debug|Any CPU.ActiveCfg = Debug|Any CPU
		{3E088D4E-FAAD-4719-B647-DA65CB6E35DD}.Debug|Any CPU.Build.0 = Debug|Any CPU
		{3E088D4E-FAAD-4719-B647-DA65CB6E35DD}.Release|Any CPU.ActiveCfg = Release|Any CPU
		{3E088D4E-FAAD-4719-B647-DA65CB6E35DD}.Release|Any CPU.Build.0 = Release|Any CPU
	EndGlobalSection
	GlobalSection(SolutionProperties) = preSolution
		HideSolutionNode = FALSE
	EndGlobalSection
EndGlobal
